
Microsoft Visual Studio Solution File, Format Version 12.00
# Visual Studio Version 16
VisualStudioVersion = 16.0.31424.327
MinimumVisualStudioVersion = 10.0.40219.1
Project("{FAE04EC0-301F-11D3-BF4B-00C04F79EFBC}") = "AmountOfPairsInArray", "AmountOfPairsInArray\AmountOfPairsInArray.csproj", "{F5C9ACAD-E600-4A49-BB91-62AF1120B594}"
EndProject
Project("{FAE04EC0-301F-11D3-BF4B-00C04F79EFBC}") = "Autorisation", "Autorisation\Autorisation.csproj", "{098B0AAC-9307-45A2-94DB-D229DDE0D728}"
EndProject
Global
	GlobalSection(SolutionConfigurationPlatforms) = preSolution
		Debug|Any CPU = Debug|Any CPU
		Release|Any CPU = Release|Any CPU
	EndGlobalSection
	GlobalSection(ProjectConfigurationPlatforms) = postSolution
		{F5C9ACAD-E600-4A49-BB91-62AF1120B594}.Debug|Any CPU.ActiveCfg = Debug|Any CPU
		{F5C9ACAD-E600-4A49-BB91-62AF1120B594}.Debug|Any CPU.Build.0 = Debug|Any CPU
		{F5C9ACAD-E600-4A49-BB91-62AF1120B594}.Release|Any CPU.ActiveCfg = Release|Any CPU
		{F5C9ACAD-E600-4A49-BB91-62AF1120B594}.Release|Any CPU.Build.0 = Release|Any CPU
		{098B0AAC-9307-45A2-94DB-D229DDE0D728}.Debug|Any CPU.ActiveCfg = Debug|Any CPU
		{098B0AAC-9307-45A2-94DB-D229DDE0D728}.Debug|Any CPU.Build.0 = Debug|Any CPU
		{098B0AAC-9307-45A2-94DB-D229DDE0D728}.Release|Any CPU.ActiveCfg = Release|Any CPU
		{098B0AAC-9307-45A2-94DB-D229DDE0D728}.Release|Any CPU.Build.0 = Release|Any CPU
	EndGlobalSection
	GlobalSection(SolutionProperties) = preSolution
		HideSolutionNode = FALSE
	EndGlobalSection
	GlobalSection(ExtensibilityGlobals) = postSolution
		SolutionGuid = {98C1994D-60A2-4A2C-8922-ECB971D6945B}
	EndGlobalSection
EndGlobal
